
Microsoft Visual Studio Solution File, Format Version 12.00
# Visual Studio 15
Project("{FAE04EC0-301F-11D3-BF4B-00C04F79EFBC}") = "Assembly-CSharp", "Assembly-CSharp.csproj", "{FCFAEF43-0B70-188D-C367-90C7FC530B61}"
EndProject
Project("{FAE04EC0-301F-11D3-BF4B-00C04F79EFBC}") = "Assembly-CSharp-firstpass", "Assembly-CSharp-firstpass.csproj", "{6BDB477C-540A-45E4-EAF0-BD0C1D6FFE31}"
EndProject
Global
	GlobalSection(SolutionConfigurationPlatforms) = preSolution
		Debug|Any CPU = Debug|Any CPU
		Release|Any CPU = Release|Any CPU
	EndGlobalSection
	GlobalSection(ProjectConfigurationPlatforms) = postSolution
		{FCFAEF43-0B70-188D-C367-90C7FC530B61}.Debug|Any CPU.ActiveCfg = Debug|Any CPU
		{FCFAEF43-0B70-188D-C367-90C7FC530B61}.Debug|Any CPU.Build.0 = Debug|Any CPU
		{FCFAEF43-0B70-188D-C367-90C7FC530B61}.Release|Any CPU.ActiveCfg = Release|Any CPU
		{FCFAEF43-0B70-188D-C367-90C7FC530B61}.Release|Any CPU.Build.0 = Release|Any CPU
		{6BDB477C-540A-45E4-EAF0-BD0C1D6FFE31}.Debug|Any CPU.ActiveCfg = Debug|Any CPU
		{6BDB477C-540A-45E4-EAF0-BD0C1D6FFE31}.Debug|Any CPU.Build.0 = Debug|Any CPU
		{6BDB477C-540A-45E4-EAF0-BD0C1D6FFE31}.Release|Any CPU.ActiveCfg = Release|Any CPU
		{6BDB477C-540A-45E4-EAF0-BD0C1D6FFE31}.Release|Any CPU.Build.0 = Release|Any CPU
	EndGlobalSection
	GlobalSection(SolutionProperties) = preSolution
		HideSolutionNode = FALSE
	EndGlobalSection
EndGlobal
